{
  "name": "scrollytelling_typewriter",
  "lockfileVersion": 3,
  "requires": true,
  "packages": {
    "": {
      "dependencies": {
        "scrolly-video": "^0.0.24"
      }
    },
    "node_modules/mp4box": {
      "version": "0.4.9",
      "resolved": "https://registry.npmjs.org/mp4box/-/mp4box-0.4.9.tgz",
      "integrity": "sha512-APZb4ZaCBBXdyxA9nXF5lVb/xc2OPRWbnxwlHOn7tXxiBVchpLUl+nZMF52MLLv0oESnZBSy5qnDj9sRE9LCoQ==",
      "license": "BSD-3-Clause"
    },
    "node_modules/scrolly-video": {
      "version": "0.0.24",
      "resolved": "https://registry.npmjs.org/scrolly-video/-/scrolly-video-0.0.24.tgz",
      "integrity": "sha512-d7gMLTMG1XUnqofLw6K8wY0XDhbXMUwtNvo0oxYdUsHRiuKSC7fr9e6UUoqJe6H4oTc6+msP9+k2IOtEPxW6iw==",
      "license": "MIT",
      "dependencies": {
        "mp4box": "^0.4.9",
        "ua-parser-js": "^1.0.2"
      }
    },
    "node_modules/ua-parser-js": {
      "version": "1.0.40",
      "resolved": "https://registry.npmjs.org/ua-parser-js/-/ua-parser-js-1.0.40.tgz",
      "integrity": "sha512-z6PJ8Lml+v3ichVojCiB8toQJBuwR42ySM4ezjXIqXK3M0HczmKQ3LF4rhU55PfD99KEEXQG6yb7iOMyvYuHew==",
      "funding": [
        {
          "type": "opencollective",
          "url": "https://opencollective.com/ua-parser-js"
        },
        {
          "type": "paypal",
          "url": "https://paypal.me/faisalman"
        },
        {
          "type": "github",
          "url": "https://github.com/sponsors/faisalman"
        }
      ],
      "license": "MIT",
      "bin": {
        "ua-parser-js": "script/cli.js"
      },
      "engines": {
        "node": "*"
      }
    }
  }
}
